
Microsoft Visual Studio Solution File, Format Version 12.00
# Visual Studio Version 17
VisualStudioVersion = 17.9.34622.214
MinimumVisualStudioVersion = 10.0.40219.1
Project("{2150E333-8FDC-42A3-9474-1A3956D46DE8}") = "04. API Testing with C#", "04. API Testing with C#", "{F0E7EF87-09F8-4282-9F08-62611F852E16}"
EndProject
Project("{9A19103F-16F7-4668-BE54-9A1E7A4F7556}") = "APITestingWithC#", "04. API Testing with C#\APITestingWithC#\APITestingWithC#.csproj", "{39344B41-D605-49DE-8620-6431F59DD227}"
EndProject
Project("{2150E333-8FDC-42A3-9474-1A3956D46DE8}") = "05. RestSharpExercise", "05. RestSharpExercise", "{C2DD0E5A-F6D4-4593-AFD7-0A3251B04433}"
EndProject
Project("{9A19103F-16F7-4668-BE54-9A1E7A4F7556}") = "TestGitHubApi", "05. RestSharpExercise\TestGitHubApi\TestGitHubApi.csproj", "{2D7FDD26-8DC8-4B55-9AAD-520A0AAEB30B}"
EndProject
Project("{9A19103F-16F7-4668-BE54-9A1E7A4F7556}") = "RestSharpServices", "05. RestSharpExercise\RestSharpServices\RestSharpServices.csproj", "{86963F0E-A41C-4C1B-9841-EB3B3E8A7DD1}"
EndProject
Project("{9A19103F-16F7-4668-BE54-9A1E7A4F7556}") = "APITestsNUnitRestSharp", "04. API Testing with C#\APITestsNUnitRestSharp\APITestsNUnitRestSharp.csproj", "{8E1D8ECC-E040-4F43-8754-B1BC4D03A8F9}"
EndProject
Project("{9A19103F-16F7-4668-BE54-9A1E7A4F7556}") = "GitHubAPITests_NUnit", "04. API Testing with C#\GitHubAPITests_NUnit\GitHubAPITests_NUnit.csproj", "{CAB68D29-0C83-457F-A6AB-9A6D687A5C76}"
EndProject
Project("{2150E333-8FDC-42A3-9474-1A3956D46DE8}") = "06. Exercise Integration Testing of Web API Controllers", "06. Exercise Integration Testing of Web API Controllers", "{F8BA5711-5CAB-4032-8DF5-E11E428387E9}"
EndProject
Project("{9A19103F-16F7-4668-BE54-9A1E7A4F7556}") = "Eventmi", "06. Exercise Integration Testing of Web API Controllers\Eventmi-AppSkeleton\Eventmi\Eventmi.csproj", "{7937395A-EEB0-43AD-83B0-B41967413B2F}"
EndProject
Project("{9A19103F-16F7-4668-BE54-9A1E7A4F7556}") = "Eventmi.Core", "06. Exercise Integration Testing of Web API Controllers\Eventmi-AppSkeleton\Eventmi.Core\Eventmi.Core.csproj", "{93CC7730-89F1-4797-935E-79CC962222BA}"
EndProject
Project("{9A19103F-16F7-4668-BE54-9A1E7A4F7556}") = "Eventmi.Infrastructure", "06. Exercise Integration Testing of Web API Controllers\Eventmi-AppSkeleton\Eventmi.Infrastructure\Eventmi.Infrastructure.csproj", "{D3A18CB9-05AE-4F62-9EDF-ACB0B6869237}"
EndProject
Project("{9A19103F-16F7-4668-BE54-9A1E7A4F7556}") = "Eventmi.Tests", "Eventmi.Tests\Eventmi.Tests.csproj", "{953DBE67-7603-40D6-B913-E81AD742668C}"
EndProject
Project("{9A19103F-16F7-4668-BE54-9A1E7A4F7556}") = "IdeaAPITesting", "18. Exam Prep 1- Idea Center\IdeaAPITesting\IdeaAPITesting.csproj", "{598DFCC6-AA62-4DDE-9F1C-016606C52BDC}"
EndProject
Project("{2150E333-8FDC-42A3-9474-1A3956D46DE8}") = "18. Exam Prep 1- Idea Center", "18. Exam Prep 1- Idea Center", "{2C2E8696-F504-4514-8F3E-941684666795}"
EndProject
Project("{2150E333-8FDC-42A3-9474-1A3956D46DE8}") = "19. Exam Prep 2- FoodySoftUni", "19. Exam Prep 2- FoodySoftUni", "{46C5F52A-293C-4401-861F-7BBB95FF94BA}"
EndProject
Project("{9A19103F-16F7-4668-BE54-9A1E7A4F7556}") = "FoodySoftUni", "19. Exam Prep 2- FoodySoftUni\FoodySoftUni\FoodySoftUni\FoodySoftUni.csproj", "{14FC7B8A-D8F3-47AD-ACF8-CC61DD120BC0}"
EndProject
Global
	GlobalSection(SolutionConfigurationPlatforms) = preSolution
		Debug|Any CPU = Debug|Any CPU
		Release|Any CPU = Release|Any CPU
	EndGlobalSection
	GlobalSection(ProjectConfigurationPlatforms) = postSolution
		{39344B41-D605-49DE-8620-6431F59DD227}.Debug|Any CPU.ActiveCfg = Debug|Any CPU
		{39344B41-D605-49DE-8620-6431F59DD227}.Debug|Any CPU.Build.0 = Debug|Any CPU
		{39344B41-D605-49DE-8620-6431F59DD227}.Release|Any CPU.ActiveCfg = Release|Any CPU
		{39344B41-D605-49DE-8620-6431F59DD227}.Release|Any CPU.Build.0 = Release|Any CPU
		{2D7FDD26-8DC8-4B55-9AAD-520A0AAEB30B}.Debug|Any CPU.ActiveCfg = Debug|Any CPU
		{2D7FDD26-8DC8-4B55-9AAD-520A0AAEB30B}.Debug|Any CPU.Build.0 = Debug|Any CPU
		{2D7FDD26-8DC8-4B55-9AAD-520A0AAEB30B}.Release|Any CPU.ActiveCfg = Release|Any CPU
		{2D7FDD26-8DC8-4B55-9AAD-520A0AAEB30B}.Release|Any CPU.Build.0 = Release|Any CPU
		{86963F0E-A41C-4C1B-9841-EB3B3E8A7DD1}.Debug|Any CPU.ActiveCfg = Debug|Any CPU
		{86963F0E-A41C-4C1B-9841-EB3B3E8A7DD1}.Debug|Any CPU.Build.0 = Debug|Any CPU
		{86963F0E-A41C-4C1B-9841-EB3B3E8A7DD1}.Release|Any CPU.ActiveCfg = Release|Any CPU
		{86963F0E-A41C-4C1B-9841-EB3B3E8A7DD1}.Release|Any CPU.Build.0 = Release|Any CPU
		{8E1D8ECC-E040-4F43-8754-B1BC4D03A8F9}.Debug|Any CPU.ActiveCfg = Debug|Any CPU
		{8E1D8ECC-E040-4F43-8754-B1BC4D03A8F9}.Debug|Any CPU.Build.0 = Debug|Any CPU
		{8E1D8ECC-E040-4F43-8754-B1BC4D03A8F9}.Release|Any CPU.ActiveCfg = Release|Any CPU
		{8E1D8ECC-E040-4F43-8754-B1BC4D03A8F9}.Release|Any CPU.Build.0 = Release|Any CPU
		{CAB68D29-0C83-457F-A6AB-9A6D687A5C76}.Debug|Any CPU.ActiveCfg = Debug|Any CPU
		{CAB68D29-0C83-457F-A6AB-9A6D687A5C76}.Debug|Any CPU.Build.0 = Debug|Any CPU
		{CAB68D29-0C83-457F-A6AB-9A6D687A5C76}.Release|Any CPU.ActiveCfg = Release|Any CPU
		{CAB68D29-0C83-457F-A6AB-9A6D687A5C76}.Release|Any CPU.Build.0 = Release|Any CPU
		{7937395A-EEB0-43AD-83B0-B41967413B2F}.Debug|Any CPU.ActiveCfg = Debug|Any CPU
		{7937395A-EEB0-43AD-83B0-B41967413B2F}.Debug|Any CPU.Build.0 = Debug|Any CPU
		{7937395A-EEB0-43AD-83B0-B41967413B2F}.Release|Any CPU.ActiveCfg = Release|Any CPU
		{7937395A-EEB0-43AD-83B0-B41967413B2F}.Release|Any CPU.Build.0 = Release|Any CPU
		{93CC7730-89F1-4797-935E-79CC962222BA}.Debug|Any CPU.ActiveCfg = Debug|Any CPU
		{93CC7730-89F1-4797-935E-79CC962222BA}.Debug|Any CPU.Build.0 = Debug|Any CPU
		{93CC7730-89F1-4797-935E-79CC962222BA}.Release|Any CPU.ActiveCfg = Release|Any CPU
		{93CC7730-89F1-4797-935E-79CC962222BA}.Release|Any CPU.Build.0 = Release|Any CPU
		{D3A18CB9-05AE-4F62-9EDF-ACB0B6869237}.Debug|Any CPU.ActiveCfg = Debug|Any CPU
		{D3A18CB9-05AE-4F62-9EDF-ACB0B6869237}.Debug|Any CPU.Build.0 = Debug|Any CPU
		{D3A18CB9-05AE-4F62-9EDF-ACB0B6869237}.Release|Any CPU.ActiveCfg = Release|Any CPU
		{D3A18CB9-05AE-4F62-9EDF-ACB0B6869237}.Release|Any CPU.Build.0 = Release|Any CPU
		{953DBE67-7603-40D6-B913-E81AD742668C}.Debug|Any CPU.ActiveCfg = Debug|Any CPU
		{953DBE67-7603-40D6-B913-E81AD742668C}.Debug|Any CPU.Build.0 = Debug|Any CPU
		{953DBE67-7603-40D6-B913-E81AD742668C}.Release|Any CPU.ActiveCfg = Release|Any CPU
		{953DBE67-7603-40D6-B913-E81AD742668C}.Release|Any CPU.Build.0 = Release|Any CPU
		{598DFCC6-AA62-4DDE-9F1C-016606C52BDC}.Debug|Any CPU.ActiveCfg = Debug|Any CPU
		{598DFCC6-AA62-4DDE-9F1C-016606C52BDC}.Debug|Any CPU.Build.0 = Debug|Any CPU
		{598DFCC6-AA62-4DDE-9F1C-016606C52BDC}.Release|Any CPU.ActiveCfg = Release|Any CPU
		{598DFCC6-AA62-4DDE-9F1C-016606C52BDC}.Release|Any CPU.Build.0 = Release|Any CPU
		{14FC7B8A-D8F3-47AD-ACF8-CC61DD120BC0}.Debug|Any CPU.ActiveCfg = Debug|Any CPU
		{14FC7B8A-D8F3-47AD-ACF8-CC61DD120BC0}.Debug|Any CPU.Build.0 = Debug|Any CPU
		{14FC7B8A-D8F3-47AD-ACF8-CC61DD120BC0}.Release|Any CPU.ActiveCfg = Release|Any CPU
		{14FC7B8A-D8F3-47AD-ACF8-CC61DD120BC0}.Release|Any CPU.Build.0 = Release|Any CPU
	EndGlobalSection
	GlobalSection(SolutionProperties) = preSolution
		HideSolutionNode = FALSE
	EndGlobalSection
	GlobalSection(NestedProjects) = preSolution
		{39344B41-D605-49DE-8620-6431F59DD227} = {F0E7EF87-09F8-4282-9F08-62611F852E16}
		{2D7FDD26-8DC8-4B55-9AAD-520A0AAEB30B} = {C2DD0E5A-F6D4-4593-AFD7-0A3251B04433}
		{86963F0E-A41C-4C1B-9841-EB3B3E8A7DD1} = {C2DD0E5A-F6D4-4593-AFD7-0A3251B04433}
		{8E1D8ECC-E040-4F43-8754-B1BC4D03A8F9} = {F0E7EF87-09F8-4282-9F08-62611F852E16}
		{CAB68D29-0C83-457F-A6AB-9A6D687A5C76} = {F0E7EF87-09F8-4282-9F08-62611F852E16}
		{7937395A-EEB0-43AD-83B0-B41967413B2F} = {F8BA5711-5CAB-4032-8DF5-E11E428387E9}
		{93CC7730-89F1-4797-935E-79CC962222BA} = {F8BA5711-5CAB-4032-8DF5-E11E428387E9}
		{D3A18CB9-05AE-4F62-9EDF-ACB0B6869237} = {F8BA5711-5CAB-4032-8DF5-E11E428387E9}
		{953DBE67-7603-40D6-B913-E81AD742668C} = {F8BA5711-5CAB-4032-8DF5-E11E428387E9}
		{598DFCC6-AA62-4DDE-9F1C-016606C52BDC} = {2C2E8696-F504-4514-8F3E-941684666795}
		{14FC7B8A-D8F3-47AD-ACF8-CC61DD120BC0} = {46C5F52A-293C-4401-861F-7BBB95FF94BA}
	EndGlobalSection
	GlobalSection(ExtensibilityGlobals) = postSolution
		SolutionGuid = {E5EF5C4C-2ED3-4B4B-A842-EAD1502E7F28}
	EndGlobalSection
EndGlobal
