
Microsoft Visual Studio Solution File, Format Version 12.00
# Visual Studio Version 17
VisualStudioVersion = 17.9.34622.214
MinimumVisualStudioVersion = 10.0.40219.1
Project("{2150E333-8FDC-42A3-9474-1A3956D46DE8}") = "04. API Testing with C#", "04. API Testing with C#", "{F0E7EF87-09F8-4282-9F08-62611F852E16}"
EndProject
Project("{9A19103F-16F7-4668-BE54-9A1E7A4F7556}") = "APITestingWithC#", "APITestingWithC#\APITestingWithC#.csproj", "{39344B41-D605-49DE-8620-6431F59DD227}"
EndProject
Project("{2150E333-8FDC-42A3-9474-1A3956D46DE8}") = "05. RestSharpExercise", "05. RestSharpExercise", "{C2DD0E5A-F6D4-4593-AFD7-0A3251B04433}"
EndProject
Project("{9A19103F-16F7-4668-BE54-9A1E7A4F7556}") = "TestGitHubApi", "05. RestSharpExercise\TestGitHubApi\TestGitHubApi.csproj", "{2D7FDD26-8DC8-4B55-9AAD-520A0AAEB30B}"
EndProject
Project("{9A19103F-16F7-4668-BE54-9A1E7A4F7556}") = "RestSharpServices", "05. RestSharpExercise\RestSharpServices\RestSharpServices.csproj", "{86963F0E-A41C-4C1B-9841-EB3B3E8A7DD1}"
EndProject
Project("{FAE04EC0-301F-11D3-BF4B-00C04F79EFBC}") = "APITestsNUnitRestSharp", "APITestsNUnitRestSharp\APITestsNUnitRestSharp.csproj", "{8E1D8ECC-E040-4F43-8754-B1BC4D03A8F9}"
EndProject
Project("{FAE04EC0-301F-11D3-BF4B-00C04F79EFBC}") = "GitHubAPITests_NUnit", "GitHubAPITests_NUnit\GitHubAPITests_NUnit.csproj", "{CAB68D29-0C83-457F-A6AB-9A6D687A5C76}"
EndProject
Global
	GlobalSection(SolutionConfigurationPlatforms) = preSolution
		Debug|Any CPU = Debug|Any CPU
		Release|Any CPU = Release|Any CPU
	EndGlobalSection
	GlobalSection(ProjectConfigurationPlatforms) = postSolution
		{39344B41-D605-49DE-8620-6431F59DD227}.Debug|Any CPU.ActiveCfg = Debug|Any CPU
		{39344B41-D605-49DE-8620-6431F59DD227}.Debug|Any CPU.Build.0 = Debug|Any CPU
		{39344B41-D605-49DE-8620-6431F59DD227}.Release|Any CPU.ActiveCfg = Release|Any CPU
		{39344B41-D605-49DE-8620-6431F59DD227}.Release|Any CPU.Build.0 = Release|Any CPU
		{2D7FDD26-8DC8-4B55-9AAD-520A0AAEB30B}.Debug|Any CPU.ActiveCfg = Debug|Any CPU
		{2D7FDD26-8DC8-4B55-9AAD-520A0AAEB30B}.Debug|Any CPU.Build.0 = Debug|Any CPU
		{2D7FDD26-8DC8-4B55-9AAD-520A0AAEB30B}.Release|Any CPU.ActiveCfg = Release|Any CPU
		{2D7FDD26-8DC8-4B55-9AAD-520A0AAEB30B}.Release|Any CPU.Build.0 = Release|Any CPU
		{86963F0E-A41C-4C1B-9841-EB3B3E8A7DD1}.Debug|Any CPU.ActiveCfg = Debug|Any CPU
		{86963F0E-A41C-4C1B-9841-EB3B3E8A7DD1}.Debug|Any CPU.Build.0 = Debug|Any CPU
		{86963F0E-A41C-4C1B-9841-EB3B3E8A7DD1}.Release|Any CPU.ActiveCfg = Release|Any CPU
		{86963F0E-A41C-4C1B-9841-EB3B3E8A7DD1}.Release|Any CPU.Build.0 = Release|Any CPU
		{8E1D8ECC-E040-4F43-8754-B1BC4D03A8F9}.Debug|Any CPU.ActiveCfg = Debug|Any CPU
		{8E1D8ECC-E040-4F43-8754-B1BC4D03A8F9}.Debug|Any CPU.Build.0 = Debug|Any CPU
		{8E1D8ECC-E040-4F43-8754-B1BC4D03A8F9}.Release|Any CPU.ActiveCfg = Release|Any CPU
		{8E1D8ECC-E040-4F43-8754-B1BC4D03A8F9}.Release|Any CPU.Build.0 = Release|Any CPU
		{CAB68D29-0C83-457F-A6AB-9A6D687A5C76}.Debug|Any CPU.ActiveCfg = Debug|Any CPU
		{CAB68D29-0C83-457F-A6AB-9A6D687A5C76}.Debug|Any CPU.Build.0 = Debug|Any CPU
		{CAB68D29-0C83-457F-A6AB-9A6D687A5C76}.Release|Any CPU.ActiveCfg = Release|Any CPU
		{CAB68D29-0C83-457F-A6AB-9A6D687A5C76}.Release|Any CPU.Build.0 = Release|Any CPU
	EndGlobalSection
	GlobalSection(SolutionProperties) = preSolution
		HideSolutionNode = FALSE
	EndGlobalSection
	GlobalSection(NestedProjects) = preSolution
		{39344B41-D605-49DE-8620-6431F59DD227} = {F0E7EF87-09F8-4282-9F08-62611F852E16}
		{2D7FDD26-8DC8-4B55-9AAD-520A0AAEB30B} = {C2DD0E5A-F6D4-4593-AFD7-0A3251B04433}
		{86963F0E-A41C-4C1B-9841-EB3B3E8A7DD1} = {C2DD0E5A-F6D4-4593-AFD7-0A3251B04433}
		{8E1D8ECC-E040-4F43-8754-B1BC4D03A8F9} = {F0E7EF87-09F8-4282-9F08-62611F852E16}
		{CAB68D29-0C83-457F-A6AB-9A6D687A5C76} = {F0E7EF87-09F8-4282-9F08-62611F852E16}
	EndGlobalSection
	GlobalSection(ExtensibilityGlobals) = postSolution
		SolutionGuid = {E5EF5C4C-2ED3-4B4B-A842-EAD1502E7F28}
	EndGlobalSection
EndGlobal
